
Microsoft Visual Studio Solution File, Format Version 12.00
# Visual Studio Version 17
VisualStudioVersion = 17.14.36127.28 d17.14
MinimumVisualStudioVersion = 10.0.40219.1
Project("{FAE04EC0-301F-11D3-BF4B-00C04F79EFBC}") = "PizzaLink", "PizzaLink\PizzaLink.csproj", "{579CBF22-4397-426C-A97D-79D0DFA44CB3}"
EndProject
Global
	GlobalSection(SolutionConfigurationPlatforms) = preSolution
		Debug|Any CPU = Debug|Any CPU
		Release|Any CPU = Release|Any CPU
	EndGlobalSection
	GlobalSection(ProjectConfigurationPlatforms) = postSolution
		{579CBF22-4397-426C-A97D-79D0DFA44CB3}.Debug|Any CPU.ActiveCfg = Debug|Any CPU
		{579CBF22-4397-426C-A97D-79D0DFA44CB3}.Debug|Any CPU.Build.0 = Debug|Any CPU
		{579CBF22-4397-426C-A97D-79D0DFA44CB3}.Release|Any CPU.ActiveCfg = Release|Any CPU
		{579CBF22-4397-426C-A97D-79D0DFA44CB3}.Release|Any CPU.Build.0 = Release|Any CPU
	EndGlobalSection
	GlobalSection(SolutionProperties) = preSolution
		HideSolutionNode = FALSE
	EndGlobalSection
	GlobalSection(ExtensibilityGlobals) = postSolution
		SolutionGuid = {32E23199-4081-4F08-B00F-2936E49A1BD3}
	EndGlobalSection
EndGlobal
